<?xml version="1.0" encoding="utf-8"?>
<Project ToolsVersion="4.0" xmlns="http://schemas.microsoft.com/developer/msbuild/2003">
  <ItemGroup>
    <ClInclude Include="Common\CommonHeaders.h" />
    <ClInclude Include="Common\PrimitiveTypes.h" />
    <ClInclude Include="Common\Id.h" />
    <ClInclude Include="Components\Entity.h" />
    <ClInclude Include="Components\ComponentsCommon.h" />
    <ClInclude Include="Components\Transform.h" />
    <ClInclude Include="Utilities\Utilities.h" />
    <ClInclude Include="EngineAPI\GameEntity.h" />
    <ClInclude Include="EngineAPI\TransformComponent.h" />
    <ClInclude Include="Utilities\MathTypes.h" />
    <ClInclude Include="EngineAPI\ScriptComponent.h" />
    <ClInclude Include="Components\Script.h" />
    <ClInclude Include="Content\ContentLoader.h" />
    <ClInclude Include="Platforms\Window.h" />
    <ClInclude Include="Platforms\Platform.h" />
    <ClInclude Include="Platforms\PlatformTypes.h" />
    <ClInclude Include="Graphics\Renderer.h" />
    <ClInclude Include="Utilities\Math.h" />
    <ClInclude Include="Graphics\GraphicsPlatformInterface.h" />
    <ClInclude Include="Graphics\Direct3D12\D3D12Interface.h" />
    <ClInclude Include="Graphics\Direct3D12\D3D12Core.h" />
    <ClInclude Include="Graphics\Direct3D12\D3D12CommonHeaders.h" />
    <ClInclude Include="Graphics\Direct3D12\D3D12Resources.h" />
    <ClInclude Include="Graphics\Direct3D12\D3D12Surface.h" />
    <ClInclude Include="Utilities\FreeList.h" />
    <ClInclude Include="Utilities\Vector.h" />
    <ClInclude Include="Graphics\Direct3D12\D3D12Helpers.h" />
    <ClInclude Include="Graphics\Direct3D12\D3D12Shaders.h" />
    <ClInclude Include="Graphics\Direct3D12\D3D12GPass.h" />
    <ClInclude Include="Graphics\Direct3D12\D3D12PostProcess.h" />
    <ClInclude Include="Platforms\IncludeWindowCpp.h" />
    <ClInclude Include="Utilities\IOStream.h" />
    <ClInclude Include="Graphics\Direct3D12\D3D12Upload.h" />
    <ClInclude Include="Graphics\Direct3D12\D3D12Content.h" />
    <ClInclude Include="Content\ContentToEngine.h" />
    <ClInclude Include="EngineAPI\Camera.h" />
    <ClInclude Include="Graphics\Direct3D12\D3D12Camera.h" />
    <ClInclude Include="Graphics\Vulkan\VulkanCommandBuffer.h" />
    <ClInclude Include="Graphics\Vulkan\VulkanCommonHeaders.h" />
    <ClInclude Include="Graphics\Vulkan\VulkanCore.h" />
    <ClInclude Include="Graphics\Vulkan\VulkanHelpers.h" />
    <ClInclude Include="Graphics\Vulkan\VulkanInterface.h" />
    <ClInclude Include="Graphics\Vulkan\VulkanRenderPass.h" />
    <ClInclude Include="Graphics\Vulkan\VulkanResources.h" />
    <ClInclude Include="Graphics\Vulkan\VulkanSurface.h" />
    <ClInclude Include="Graphics\Vulkan\VulkanValidation.h" />
    <ClInclude Include="Graphics\GraphicsPlatform.h" />
  </ItemGroup>
  <ItemGroup>
    <ClCompile Include="Components\Entity.cpp" />
    <ClCompile Include="Components\Transform.cpp" />
    <ClCompile Include="Components\Script.cpp" />
    <ClCompile Include="Core\MainWin32.cpp" />
    <ClCompile Include="Core\EngineWin32.cpp" />
    <ClCompile Include="Platforms\PlatformWin32.cpp" />
    <ClCompile Include="Graphics\Renderer.cpp" />
    <ClCompile Include="Graphics\Direct3D12\D3D12Interface.cpp" />
    <ClCompile Include="Graphics\Direct3D12\D3D12Core.cpp" />
    <ClCompile Include="Graphics\Direct3D12\D3D12Resources.cpp" />
    <ClCompile Include="Graphics\Direct3D12\D3D12Surface.cpp" />
    <ClCompile Include="Graphics\Direct3D12\D3D12Helpers.cpp" />
    <ClCompile Include="Graphics\Direct3D12\D3D12Shaders.cpp" />
    <ClCompile Include="Graphics\Direct3D12\D3D12GPass.cpp" />
    <ClCompile Include="Graphics\Direct3D12\D3D12PostProcess.cpp" />
    <ClCompile Include="Platforms\PlatformLinux.cpp" />
    <ClCompile Include="Platforms\Window.cpp" />
    <ClCompile Include="Graphics\Direct3D12\D3D12Upload.cpp" />
    <ClCompile Include="Graphics\Direct3D12\D3D12Content.cpp" />
    <ClCompile Include="Content\ContentToEngine.cpp" />
    <ClCompile Include="Graphics\Direct3D12\D3D12Camera.cpp" />
    <ClCompile Include="Content\ContentLoaderWin32.cpp" />
    <ClCompile Include="Graphics\Vulkan\VulkanCommandBuffer.cpp" />
    <ClCompile Include="Graphics\Vulkan\VulkanCore.cpp" />
    <ClCompile Include="Graphics\Vulkan\VulkanHelpers.cpp" />
    <ClCompile Include="Graphics\Vulkan\VulkanInterface.cpp" />
    <ClCompile Include="Graphics\Vulkan\VulkanRenderPass.cpp" />
    <ClCompile Include="Graphics\Vulkan\VulkanResources.cpp" />
    <ClCompile Include="Graphics\Vulkan\VulkanSurface.cpp" />
    <ClCompile Include="Graphics\GraphicsPlatform.cpp" />
  </ItemGroup>
  <ItemGroup>
    <None Include="packages.config" />
  </ItemGroup>
</Project>